<?xml version="1.0" encoding="UTF-8" standalone="yes" ?>
<CodeBlocks_project_file>
	<FileVersion major="1" minor="6" />
	<Project>
		<Option title="Trabalho_1" />
		<Option pch_mode="2" />
		<Option compiler="gcc" />
		<Build>
			<Target title="Debug">
				<Option output="bin/Debug/Trabalho_1" prefix_auto="1" extension_auto="1" />
				<Option object_output="obj/Debug/" />
				<Option type="1" />
				<Option compiler="gcc" />
				<Compiler>
					<Add option="-g" />
					<Add directory="include" />
				</Compiler>
			</Target>
			<Target title="Release">
				<Option output="bin/Release/Trabalho_1" prefix_auto="1" extension_auto="1" />
				<Option object_output="obj/Release/" />
				<Option type="1" />
				<Option compiler="gcc" />
				<Compiler>
					<Add option="-O2" />
					<Add directory="include" />
				</Compiler>
				<Linker>
					<Add option="-s" />
				</Linker>
			</Target>
		</Build>
		<Compiler>
			<Add option="-Wall" />
			<Add option="-fexceptions" />
		</Compiler>
		<Unit filename="include/CEP.h" />
		<Unit filename="include/CPF.h" />
		<Unit filename="include/Classe.h" />
		<Unit filename="include/CodigoDeAgencia.h" />
		<Unit filename="include/CodigoDeAplicacao.h" />
		<Unit filename="include/CodigoDeBanco.h" />
		<Unit filename="include/CodigoDeProduto.h" />
		<Unit filename="include/Data.h" />
		<Unit filename="include/Emissor.h" />
		<Unit filename="include/Endereco.h" />
		<Unit filename="include/Horario.h" />
		<Unit filename="include/Nome.h" />
		<Unit filename="include/Numero.h" />
		<Unit filename="include/Prazo.h" />
		<Unit filename="include/Senha.h" />
		<Unit filename="include/Taxa.h" />
		<Unit filename="include/ValorDeAplicacao.h" />
		<Unit filename="include/ValorMinimo.h" />
		<Unit filename="main.cpp" />
		<Unit filename="src/CEP.cpp" />
		<Unit filename="src/CPF.cpp" />
		<Unit filename="src/Classe.cpp" />
		<Unit filename="src/CodigoDeAgencia.cpp" />
		<Unit filename="src/CodigoDeAplicacao.cpp" />
		<Unit filename="src/CodigoDeBanco.cpp" />
		<Unit filename="src/CodigoDeProduto.cpp" />
		<Unit filename="src/Data.cpp" />
		<Unit filename="src/Emissor.cpp" />
		<Unit filename="src/Endereco.cpp" />
		<Unit filename="src/Horario.cpp" />
		<Unit filename="src/Nome.cpp" />
		<Unit filename="src/Numero.cpp" />
		<Unit filename="src/Prazo.cpp" />
		<Unit filename="src/Senha.cpp" />
		<Unit filename="src/Taxa.cpp" />
		<Unit filename="src/ValorDeAplicacao.cpp" />
		<Unit filename="src/ValorMinimo.cpp" />
		<Extensions />
	</Project>
</CodeBlocks_project_file>
