<?xml version="1.0" encoding="UTF-8" standalone="yes" ?>
<CodeBlocks_project_file>
	<FileVersion major="1" minor="6" />
	<Project>
		<Option title="Trabalho_3" />
		<Option pch_mode="2" />
		<Option compiler="gcc" />
		<Build>
			<Target title="Debug">
				<Option output="bin/Debug/Trabalho_3" prefix_auto="1" extension_auto="1" />
				<Option object_output="obj/Debug/" />
				<Option type="1" />
				<Option compiler="gcc" />
				<Compiler>
					<Add option="-g" />
					<Add directory="include" />
				</Compiler>
			</Target>
			<Target title="Release">
				<Option output="bin/Release/Trabalho_3" prefix_auto="1" extension_auto="1" />
				<Option object_output="obj/Release/" />
				<Option type="1" />
				<Option compiler="gcc" />
				<Compiler>
					<Add option="-O2" />
					<Add directory="include" />
				</Compiler>
				<Linker>
					<Add option="-s" />
					<Add library="../Trabalho_3/sqlite3.o" />
				</Linker>
			</Target>
		</Build>
		<Compiler>
			<Add option="-Wall" />
			<Add option="-fexceptions" />
		</Compiler>
		<Unit filename="include/Dominios/BaseTest.h" />
		<Unit filename="include/Dominios/CEP.h" />
		<Unit filename="include/Dominios/CPF.h" />
		<Unit filename="include/Dominios/Classe.h" />
		<Unit filename="include/Dominios/CodigoDeAgencia.h" />
		<Unit filename="include/Dominios/CodigoDeAplicacao.h" />
		<Unit filename="include/Dominios/CodigoDeBanco.h" />
		<Unit filename="include/Dominios/CodigoDeProduto.h" />
		<Unit filename="include/Dominios/Data.h" />
		<Unit filename="include/Dominios/Emissor.h" />
		<Unit filename="include/Dominios/Endereco.h" />
		<Unit filename="include/Dominios/Horario.h" />
		<Unit filename="include/Dominios/Nome.h" />
		<Unit filename="include/Dominios/Numero.h" />
		<Unit filename="include/Dominios/Prazo.h" />
		<Unit filename="include/Dominios/Senha.h" />
		<Unit filename="include/Dominios/Taxa.h" />
		<Unit filename="include/Dominios/TestCEP.h" />
		<Unit filename="include/Dominios/TestCPF.h" />
		<Unit filename="include/Dominios/TestClasse.h" />
		<Unit filename="include/Dominios/TestCodigoDeAgencia.h" />
		<Unit filename="include/Dominios/TestCodigoDeAplicacao.h" />
		<Unit filename="include/Dominios/TestCodigoDeBanco.h" />
		<Unit filename="include/Dominios/TestCodigoDeProduto.h" />
		<Unit filename="include/Dominios/TestData.h" />
		<Unit filename="include/Dominios/TestEmissor.h" />
		<Unit filename="include/Dominios/TestEndereco.h" />
		<Unit filename="include/Dominios/TestHorario.h" />
		<Unit filename="include/Dominios/TestNome.h" />
		<Unit filename="include/Dominios/TestNumero.h" />
		<Unit filename="include/Dominios/TestPrazo.h" />
		<Unit filename="include/Dominios/TestSenha.h" />
		<Unit filename="include/Dominios/TestTaxa.h" />
		<Unit filename="include/Dominios/TestValorDeAplicacao.h" />
		<Unit filename="include/Dominios/TestValorMinimo.h" />
		<Unit filename="include/Dominios/ValorDeAplicacao.h" />
		<Unit filename="include/Dominios/ValorMinimo.h" />
		<Unit filename="include/Entidades/Aplicacao.h" />
		<Unit filename="include/Entidades/BaseTest.h" />
		<Unit filename="include/Entidades/Conta.h" />
		<Unit filename="include/Entidades/Produto.h" />
		<Unit filename="include/Entidades/TestAplicacao.h" />
		<Unit filename="include/Entidades/TestConta.h" />
		<Unit filename="include/Entidades/TestProduto.h" />
		<Unit filename="include/Entidades/TestUsuario.h" />
		<Unit filename="include/Entidades/Usuario.h" />
		<Unit filename="include/Servicos/CntrBD.h" />
		<Unit filename="include/Servicos/sqlite3.h" />
		<Unit filename="main.cpp" />
		<Unit filename="src/Dominios/BaseTest.cpp" />
		<Unit filename="src/Dominios/CEP.cpp" />
		<Unit filename="src/Dominios/CPF.cpp" />
		<Unit filename="src/Dominios/Classe.cpp" />
		<Unit filename="src/Dominios/CodigoDeAgencia.cpp" />
		<Unit filename="src/Dominios/CodigoDeAplicacao.cpp" />
		<Unit filename="src/Dominios/CodigoDeBanco.cpp" />
		<Unit filename="src/Dominios/CodigoDeProduto.cpp" />
		<Unit filename="src/Dominios/Data.cpp" />
		<Unit filename="src/Dominios/Emissor.cpp" />
		<Unit filename="src/Dominios/Endereco.cpp" />
		<Unit filename="src/Dominios/Horario.cpp" />
		<Unit filename="src/Dominios/Nome.cpp" />
		<Unit filename="src/Dominios/Numero.cpp" />
		<Unit filename="src/Dominios/Prazo.cpp" />
		<Unit filename="src/Dominios/Senha.cpp" />
		<Unit filename="src/Dominios/Taxa.cpp" />
		<Unit filename="src/Dominios/TestCEP.cpp" />
		<Unit filename="src/Dominios/TestCPF.cpp" />
		<Unit filename="src/Dominios/TestClasse.cpp" />
		<Unit filename="src/Dominios/TestCodigoDeAgencia.cpp" />
		<Unit filename="src/Dominios/TestCodigoDeAplicacao.cpp" />
		<Unit filename="src/Dominios/TestCodigoDeBanco.cpp" />
		<Unit filename="src/Dominios/TestCodigoDeProduto.cpp" />
		<Unit filename="src/Dominios/TestData.cpp" />
		<Unit filename="src/Dominios/TestEmissor.cpp" />
		<Unit filename="src/Dominios/TestEndereco.cpp" />
		<Unit filename="src/Dominios/TestHorario.cpp" />
		<Unit filename="src/Dominios/TestNome.cpp" />
		<Unit filename="src/Dominios/TestNumero.cpp" />
		<Unit filename="src/Dominios/TestPrazo.cpp" />
		<Unit filename="src/Dominios/TestSenha.cpp" />
		<Unit filename="src/Dominios/TestTaxa.cpp" />
		<Unit filename="src/Dominios/TestValorDeAplicacao.cpp" />
		<Unit filename="src/Dominios/TestValorMinimo.cpp" />
		<Unit filename="src/Dominios/ValorDeAplicacao.cpp" />
		<Unit filename="src/Dominios/ValorMinimo.cpp" />
		<Unit filename="src/Entidades/Aplicacao.cpp" />
		<Unit filename="src/Entidades/Conta.cpp" />
		<Unit filename="src/Entidades/Produto.cpp" />
		<Unit filename="src/Entidades/TestAplicacao.cpp" />
		<Unit filename="src/Entidades/TestConta.cpp" />
		<Unit filename="src/Entidades/TestProduto.cpp" />
		<Unit filename="src/Entidades/TestUsuario.cpp" />
		<Unit filename="src/Entidades/Usuario.cpp" />
		<Unit filename="src/Servicos/CntrBD.cpp" />
		<Extensions />
	</Project>
</CodeBlocks_project_file>
